
Microsoft Visual Studio Solution File, Format Version 12.00
# Visual Studio 15
VisualStudioVersion = 15.0.28010.2048
MinimumVisualStudioVersion = 10.0.40219.1
Project("{FAE04EC0-301F-11D3-BF4B-00C04F79EFBC}") = "TicTacToe", "TicTacToe\TicTacToe.csproj", "{FAD6C6E0-75AC-49D6-B881-2C1C4A7FC785}"
EndProject
Global
	GlobalSection(SolutionConfigurationPlatforms) = preSolution
		Debug|Any CPU = Debug|Any CPU
		Release|Any CPU = Release|Any CPU
	EndGlobalSection
	GlobalSection(ProjectConfigurationPlatforms) = postSolution
		{FAD6C6E0-75AC-49D6-B881-2C1C4A7FC785}.Debug|Any CPU.ActiveCfg = Debug|Any CPU
		{FAD6C6E0-75AC-49D6-B881-2C1C4A7FC785}.Debug|Any CPU.Build.0 = Debug|Any CPU
		{FAD6C6E0-75AC-49D6-B881-2C1C4A7FC785}.Release|Any CPU.ActiveCfg = Release|Any CPU
		{FAD6C6E0-75AC-49D6-B881-2C1C4A7FC785}.Release|Any CPU.Build.0 = Release|Any CPU
	EndGlobalSection
	GlobalSection(SolutionProperties) = preSolution
		HideSolutionNode = FALSE
	EndGlobalSection
	GlobalSection(ExtensibilityGlobals) = postSolution
		SolutionGuid = {7FFB2033-914C-4DA4-9240-C067B1B74ADA}
	EndGlobalSection
EndGlobal
